// !$*UTF8*$!
{
	archiveVersion = 1;
	classes = {
	};
	objectVersion = 50;
	objects = {

/* Begin PBXBuildFile section */
		76B3E21720B2FCB300279E80 /* AppDelegate.m in Sources */ = {isa = PBXBuildFile; fileRef = 76B3E21620B2FCB300279E80 /* AppDelegate.m */; };
		76B3E21A20B2FCB300279E80 /* ViewController.m in Sources */ = {isa = PBXBuildFile; fileRef = 76B3E21920B2FCB300279E80 /* ViewController.m */; };
		76B3E21D20B2FCB300279E80 /* Main.storyboard in Resources */ = {isa = PBXBuildFile; fileRef = 76B3E21B20B2FCB300279E80 /* Main.storyboard */; };
		76B3E21F20B2FCB400279E80 /* Assets.xcassets in Resources */ = {isa = PBXBuildFile; fileRef = 76B3E21E20B2FCB400279E80 /* Assets.xcassets */; };
		76B3E22220B2FCB400279E80 /* LaunchScreen.storyboard in Resources */ = {isa = PBXBuildFile; fileRef = 76B3E22020B2FCB400279E80 /* LaunchScreen.storyboard */; };
		76B3E22520B2FCB500279E80 /* main.m in Sources */ = {isa = PBXBuildFile; fileRef = 76B3E22420B2FCB500279E80 /* main.m */; };
		76B3E23E20B2FCDA00279E80 /* RZCarPlateNumberKeyBoardViewModel.m in Sources */ = {isa = PBXBuildFile; fileRef = 76B3E22E20B2FCDA00279E80 /* RZCarPlateNumberKeyBoardViewModel.m */; };
		76B3E23F20B2FCDA00279E80 /* RZCarPlateNumberView.m in Sources */ = {isa = PBXBuildFile; fileRef = 76B3E23020B2FCDA00279E80 /* RZCarPlateNumberView.m */; };
		76B3E24020B2FCDA00279E80 /* RZCarPlateNumberKeyBoardValue.m in Sources */ = {isa = PBXBuildFile; fileRef = 76B3E23420B2FCDA00279E80 /* RZCarPlateNumberKeyBoardValue.m */; };
		76B3E24120B2FCDA00279E80 /* RZCarPlateNumberKeyBoard.m in Sources */ = {isa = PBXBuildFile; fileRef = 76B3E23720B2FCDA00279E80 /* RZCarPlateNumberKeyBoard.m */; };
		76B3E24220B2FCDA00279E80 /* RZCarPlateNumberKeyBoardCell.m in Sources */ = {isa = PBXBuildFile; fileRef = 76B3E23920B2FCDA00279E80 /* RZCarPlateNumberKeyBoardCell.m */; };
		76B3E24320B2FCDA00279E80 /* RZCarPlateTextField.m in Sources */ = {isa = PBXBuildFile; fileRef = 76B3E23B20B2FCDA00279E80 /* RZCarPlateTextField.m */; };
		76B3E24420B2FCDA00279E80 /* RZCarPlate.bundle in Resources */ = {isa = PBXBuildFile; fileRef = 76B3E23D20B2FCDA00279E80 /* RZCarPlate.bundle */; };
		76B3E24720B2FD2C00279E80 /* RZTextField.m in Sources */ = {isa = PBXBuildFile; fileRef = 76B3E24620B2FD2C00279E80 /* RZTextField.m */; };
		A65719AB750E551C82662ACC /* libPods-RZCarPlateNumberKeyboard.a in Frameworks */ = {isa = PBXBuildFile; fileRef = 0A0198063D857E6B4FCC9759 /* libPods-RZCarPlateNumberKeyboard.a */; };
/* End PBXBuildFile section */

/* Begin PBXFileReference section */
		0A0198063D857E6B4FCC9759 /* libPods-RZCarPlateNumberKeyboard.a */ = {isa = PBXFileReference; explicitFileType = archive.ar; includeInIndex = 0; path = "libPods-RZCarPlateNumberKeyboard.a"; sourceTree = BUILT_PRODUCTS_DIR; };
		339E3B177E40941C7E789096 /* Pods-RZCarPlateNumberKeyboard.debug.xcconfig */ = {isa = PBXFileReference; includeInIndex = 1; lastKnownFileType = text.xcconfig; name = "Pods-RZCarPlateNumberKeyboard.debug.xcconfig"; path = "Pods/Target Support Files/Pods-RZCarPlateNumberKeyboard/Pods-RZCarPlateNumberKeyboard.debug.xcconfig"; sourceTree = "<group>"; };
		76B3E21220B2FCB300279E80 /* RZCarPlateNumberKeyboard.app */ = {isa = PBXFileReference; explicitFileType = wrapper.application; includeInIndex = 0; path = RZCarPlateNumberKeyboard.app; sourceTree = BUILT_PRODUCTS_DIR; };
		76B3E21520B2FCB300279E80 /* AppDelegate.h */ = {isa = PBXFileReference; lastKnownFileType = sourcecode.c.h; path = AppDelegate.h; sourceTree = "<group>"; };
		76B3E21620B2FCB300279E80 /* AppDelegate.m */ = {isa = PBXFileReference; lastKnownFileType = sourcecode.c.objc; path = AppDelegate.m; sourceTree = "<group>"; };
		76B3E21820B2FCB300279E80 /* ViewController.h */ = {isa = PBXFileReference; lastKnownFileType = sourcecode.c.h; path = ViewController.h; sourceTree = "<group>"; };
		76B3E21920B2FCB300279E80 /* ViewController.m */ = {isa = PBXFileReference; lastKnownFileType = sourcecode.c.objc; path = ViewController.m; sourceTree = "<group>"; };
		76B3E21C20B2FCB300279E80 /* Base */ = {isa = PBXFileReference; lastKnownFileType = file.storyboard; name = Base; path = Base.lproj/Main.storyboard; sourceTree = "<group>"; };
		76B3E21E20B2FCB400279E80 /* Assets.xcassets */ = {isa = PBXFileReference; lastKnownFileType = folder.assetcatalog; path = Assets.xcassets; sourceTree = "<group>"; };
		76B3E22120B2FCB400279E80 /* Base */ = {isa = PBXFileReference; lastKnownFileType = file.storyboard; name = Base; path = Base.lproj/LaunchScreen.storyboard; sourceTree = "<group>"; };
		76B3E22320B2FCB400279E80 /* Info.plist */ = {isa = PBXFileReference; lastKnownFileType = text.plist.xml; path = Info.plist; sourceTree = "<group>"; };
		76B3E22420B2FCB500279E80 /* main.m */ = {isa = PBXFileReference; lastKnownFileType = sourcecode.c.objc; path = main.m; sourceTree = "<group>"; };
		76B3E22D20B2FCDA00279E80 /* RZCarPlateNumberKeyBoardViewModel.h */ = {isa = PBXFileReference; fileEncoding = 4; lastKnownFileType = sourcecode.c.h; path = RZCarPlateNumberKeyBoardViewModel.h; sourceTree = "<group>"; };
		76B3E22E20B2FCDA00279E80 /* RZCarPlateNumberKeyBoardViewModel.m */ = {isa = PBXFileReference; fileEncoding = 4; lastKnownFileType = sourcecode.c.objc; path = RZCarPlateNumberKeyBoardViewModel.m; sourceTree = "<group>"; };
		76B3E23020B2FCDA00279E80 /* RZCarPlateNumberView.m */ = {isa = PBXFileReference; fileEncoding = 4; lastKnownFileType = sourcecode.c.objc; path = RZCarPlateNumberView.m; sourceTree = "<group>"; };
		76B3E23120B2FCDA00279E80 /* RZCarPlateNumberView.h */ = {isa = PBXFileReference; fileEncoding = 4; lastKnownFileType = sourcecode.c.h; path = RZCarPlateNumberView.h; sourceTree = "<group>"; };
		76B3E23320B2FCDA00279E80 /* RZCarPlateNumberKeyBoardValue.h */ = {isa = PBXFileReference; fileEncoding = 4; lastKnownFileType = sourcecode.c.h; path = RZCarPlateNumberKeyBoardValue.h; sourceTree = "<group>"; };
		76B3E23420B2FCDA00279E80 /* RZCarPlateNumberKeyBoardValue.m */ = {isa = PBXFileReference; fileEncoding = 4; lastKnownFileType = sourcecode.c.objc; path = RZCarPlateNumberKeyBoardValue.m; sourceTree = "<group>"; };
		76B3E23620B2FCDA00279E80 /* RZCarPlateNumberKeyBoardCell.h */ = {isa = PBXFileReference; fileEncoding = 4; lastKnownFileType = sourcecode.c.h; path = RZCarPlateNumberKeyBoardCell.h; sourceTree = "<group>"; };
		76B3E23720B2FCDA00279E80 /* RZCarPlateNumberKeyBoard.m */ = {isa = PBXFileReference; fileEncoding = 4; lastKnownFileType = sourcecode.c.objc; path = RZCarPlateNumberKeyBoard.m; sourceTree = "<group>"; };
		76B3E23820B2FCDA00279E80 /* RZCarPlateTextField.h */ = {isa = PBXFileReference; fileEncoding = 4; lastKnownFileType = sourcecode.c.h; path = RZCarPlateTextField.h; sourceTree = "<group>"; };
		76B3E23920B2FCDA00279E80 /* RZCarPlateNumberKeyBoardCell.m */ = {isa = PBXFileReference; fileEncoding = 4; lastKnownFileType = sourcecode.c.objc; path = RZCarPlateNumberKeyBoardCell.m; sourceTree = "<group>"; };
		76B3E23A20B2FCDA00279E80 /* RZCarPlateNumberKeyBoard.h */ = {isa = PBXFileReference; fileEncoding = 4; lastKnownFileType = sourcecode.c.h; path = RZCarPlateNumberKeyBoard.h; sourceTree = "<group>"; };
		76B3E23B20B2FCDA00279E80 /* RZCarPlateTextField.m */ = {isa = PBXFileReference; fileEncoding = 4; lastKnownFileType = sourcecode.c.objc; path = RZCarPlateTextField.m; sourceTree = "<group>"; };
		76B3E23D20B2FCDA00279E80 /* RZCarPlate.bundle */ = {isa = PBXFileReference; lastKnownFileType = "wrapper.plug-in"; path = RZCarPlate.bundle; sourceTree = "<group>"; };
		76B3E24520B2FD2C00279E80 /* RZTextField.h */ = {isa = PBXFileReference; fileEncoding = 4; lastKnownFileType = sourcecode.c.h; path = RZTextField.h; sourceTree = "<group>"; };
		76B3E24620B2FD2C00279E80 /* RZTextField.m */ = {isa = PBXFileReference; fileEncoding = 4; lastKnownFileType = sourcecode.c.objc; path = RZTextField.m; sourceTree = "<group>"; };
		E45F9FE8000EA010A3441B39 /* Pods-RZCarPlateNumberKeyboard.release.xcconfig */ = {isa = PBXFileReference; includeInIndex = 1; lastKnownFileType = text.xcconfig; name = "Pods-RZCarPlateNumberKeyboard.release.xcconfig"; path = "Pods/Target Support Files/Pods-RZCarPlateNumberKeyboard/Pods-RZCarPlateNumberKeyboard.release.xcconfig"; sourceTree = "<group>"; };
/* End PBXFileReference section */

/* Begin PBXFrameworksBuildPhase section */
		76B3E20F20B2FCB300279E80 /* Frameworks */ = {
			isa = PBXFrameworksBuildPhase;
			buildActionMask = 2147483647;
			files = (
				A65719AB750E551C82662ACC /* libPods-RZCarPlateNumberKeyboard.a in Frameworks */,
			);
			runOnlyForDeploymentPostprocessing = 0;
		};
/* End PBXFrameworksBuildPhase section */

/* Begin PBXGroup section */
		500DF11543F8646C5F2712E1 /* Frameworks */ = {
			isa = PBXGroup;
			children = (
				0A0198063D857E6B4FCC9759 /* libPods-RZCarPlateNumberKeyboard.a */,
			);
			name = Frameworks;
			sourceTree = "<group>";
		};
		76B3E20920B2FCB300279E80 = {
			isa = PBXGroup;
			children = (
				76B3E21420B2FCB300279E80 /* RZCarPlateNumberKeyboard */,
				76B3E21320B2FCB300279E80 /* Products */,
				E6A7376E4A11559D64B9499A /* Pods */,
				500DF11543F8646C5F2712E1 /* Frameworks */,
			);
			sourceTree = "<group>";
		};
		76B3E21320B2FCB300279E80 /* Products */ = {
			isa = PBXGroup;
			children = (
				76B3E21220B2FCB300279E80 /* RZCarPlateNumberKeyboard.app */,
			);
			name = Products;
			sourceTree = "<group>";
		};
		76B3E21420B2FCB300279E80 /* RZCarPlateNumberKeyboard */ = {
			isa = PBXGroup;
			children = (
				76B3E22B20B2FCDA00279E80 /* RZCarPlateNumberKeyBorder */,
				76B3E21520B2FCB300279E80 /* AppDelegate.h */,
				76B3E21620B2FCB300279E80 /* AppDelegate.m */,
				76B3E21820B2FCB300279E80 /* ViewController.h */,
				76B3E21920B2FCB300279E80 /* ViewController.m */,
				76B3E21B20B2FCB300279E80 /* Main.storyboard */,
				76B3E21E20B2FCB400279E80 /* Assets.xcassets */,
				76B3E22020B2FCB400279E80 /* LaunchScreen.storyboard */,
				76B3E22320B2FCB400279E80 /* Info.plist */,
				76B3E22420B2FCB500279E80 /* main.m */,
			);
			path = RZCarPlateNumberKeyboard;
			sourceTree = "<group>";
		};
		76B3E22B20B2FCDA00279E80 /* RZCarPlateNumberKeyBorder */ = {
			isa = PBXGroup;
			children = (
				76B3E22C20B2FCDA00279E80 /* VIewModel */,
				76B3E22F20B2FCDA00279E80 /* Controller */,
				76B3E23220B2FCDA00279E80 /* Model */,
				76B3E23520B2FCDA00279E80 /* View */,
				76B3E23C20B2FCDA00279E80 /* Resource */,
			);
			path = RZCarPlateNumberKeyBorder;
			sourceTree = "<group>";
		};
		76B3E22C20B2FCDA00279E80 /* VIewModel */ = {
			isa = PBXGroup;
			children = (
				76B3E22D20B2FCDA00279E80 /* RZCarPlateNumberKeyBoardViewModel.h */,
				76B3E22E20B2FCDA00279E80 /* RZCarPlateNumberKeyBoardViewModel.m */,
			);
			path = VIewModel;
			sourceTree = "<group>";
		};
		76B3E22F20B2FCDA00279E80 /* Controller */ = {
			isa = PBXGroup;
			children = (
				76B3E23120B2FCDA00279E80 /* RZCarPlateNumberView.h */,
				76B3E23020B2FCDA00279E80 /* RZCarPlateNumberView.m */,
			);
			path = Controller;
			sourceTree = "<group>";
		};
		76B3E23220B2FCDA00279E80 /* Model */ = {
			isa = PBXGroup;
			children = (
				76B3E23320B2FCDA00279E80 /* RZCarPlateNumberKeyBoardValue.h */,
				76B3E23420B2FCDA00279E80 /* RZCarPlateNumberKeyBoardValue.m */,
			);
			path = Model;
			sourceTree = "<group>";
		};
		76B3E23520B2FCDA00279E80 /* View */ = {
			isa = PBXGroup;
			children = (
				76B3E24820B2FE1E00279E80 /* Depend */,
				76B3E23A20B2FCDA00279E80 /* RZCarPlateNumberKeyBoard.h */,
				76B3E23720B2FCDA00279E80 /* RZCarPlateNumberKeyBoard.m */,
				76B3E23820B2FCDA00279E80 /* RZCarPlateTextField.h */,
				76B3E23B20B2FCDA00279E80 /* RZCarPlateTextField.m */,
			);
			path = View;
			sourceTree = "<group>";
		};
		76B3E23C20B2FCDA00279E80 /* Resource */ = {
			isa = PBXGroup;
			children = (
				76B3E23D20B2FCDA00279E80 /* RZCarPlate.bundle */,
			);
			path = Resource;
			sourceTree = "<group>";
		};
		76B3E24820B2FE1E00279E80 /* Depend */ = {
			isa = PBXGroup;
			children = (
				76B3E24520B2FD2C00279E80 /* RZTextField.h */,
				76B3E24620B2FD2C00279E80 /* RZTextField.m */,
				76B3E23620B2FCDA00279E80 /* RZCarPlateNumberKeyBoardCell.h */,
				76B3E23920B2FCDA00279E80 /* RZCarPlateNumberKeyBoardCell.m */,
			);
			path = Depend;
			sourceTree = "<group>";
		};
		E6A7376E4A11559D64B9499A /* Pods */ = {
			isa = PBXGroup;
			children = (
				339E3B177E40941C7E789096 /* Pods-RZCarPlateNumberKeyboard.debug.xcconfig */,
				E45F9FE8000EA010A3441B39 /* Pods-RZCarPlateNumberKeyboard.release.xcconfig */,
			);
			name = Pods;
			sourceTree = "<group>";
		};
/* End PBXGroup section */

/* Begin PBXNativeTarget section */
		76B3E21120B2FCB300279E80 /* RZCarPlateNumberKeyboard */ = {
			isa = PBXNativeTarget;
			buildConfigurationList = 76B3E22820B2FCB500279E80 /* Build configuration list for PBXNativeTarget "RZCarPlateNumberKeyboard" */;
			buildPhases = (
				601418F8EE5A0D87FE505D76 /* [CP] Check Pods Manifest.lock */,
				76B3E20E20B2FCB300279E80 /* Sources */,
				76B3E20F20B2FCB300279E80 /* Frameworks */,
				76B3E21020B2FCB300279E80 /* Resources */,
			);
			buildRules = (
			);
			dependencies = (
			);
			name = RZCarPlateNumberKeyboard;
			productName = RZCarPlateNumberKeyboard;
			productReference = 76B3E21220B2FCB300279E80 /* RZCarPlateNumberKeyboard.app */;
			productType = "com.apple.product-type.application";
		};
/* End PBXNativeTarget section */

/* Begin PBXProject section */
		76B3E20A20B2FCB300279E80 /* Project object */ = {
			isa = PBXProject;
			attributes = {
				LastUpgradeCheck = 0930;
				ORGANIZATIONNAME = rztime;
				TargetAttributes = {
					76B3E21120B2FCB300279E80 = {
						CreatedOnToolsVersion = 9.3.1;
					};
				};
			};
			buildConfigurationList = 76B3E20D20B2FCB300279E80 /* Build configuration list for PBXProject "RZCarPlateNumberKeyboard" */;
			compatibilityVersion = "Xcode 9.3";
			developmentRegion = en;
			hasScannedForEncodings = 0;
			knownRegions = (
				en,
				Base,
			);
			mainGroup = 76B3E20920B2FCB300279E80;
			productRefGroup = 76B3E21320B2FCB300279E80 /* Products */;
			projectDirPath = "";
			projectRoot = "";
			targets = (
				76B3E21120B2FCB300279E80 /* RZCarPlateNumberKeyboard */,
			);
		};
/* End PBXProject section */

/* Begin PBXResourcesBuildPhase section */
		76B3E21020B2FCB300279E80 /* Resources */ = {
			isa = PBXResourcesBuildPhase;
			buildActionMask = 2147483647;
			files = (
				76B3E22220B2FCB400279E80 /* LaunchScreen.storyboard in Resources */,
				76B3E24420B2FCDA00279E80 /* RZCarPlate.bundle in Resources */,
				76B3E21F20B2FCB400279E80 /* Assets.xcassets in Resources */,
				76B3E21D20B2FCB300279E80 /* Main.storyboard in Resources */,
			);
			runOnlyForDeploymentPostprocessing = 0;
		};
/* End PBXResourcesBuildPhase section */

/* Begin PBXShellScriptBuildPhase section */
		601418F8EE5A0D87FE505D76 /* [CP] Check Pods Manifest.lock */ = {
			isa = PBXShellScriptBuildPhase;
			buildActionMask = 2147483647;
			files = (
			);
			inputPaths = (
				"${PODS_PODFILE_DIR_PATH}/Podfile.lock",
				"${PODS_ROOT}/Manifest.lock",
			);
			name = "[CP] Check Pods Manifest.lock";
			outputPaths = (
				"$(DERIVED_FILE_DIR)/Pods-RZCarPlateNumberKeyboard-checkManifestLockResult.txt",
			);
			runOnlyForDeploymentPostprocessing = 0;
			shellPath = /bin/sh;
			shellScript = "diff \"${PODS_PODFILE_DIR_PATH}/Podfile.lock\" \"${PODS_ROOT}/Manifest.lock\" > /dev/null\nif [ $? != 0 ] ; then\n    # print error to STDERR\n    echo \"error: The sandbox is not in sync with the Podfile.lock. Run 'pod install' or update your CocoaPods installation.\" >&2\n    exit 1\nfi\n# This output is used by Xcode 'outputs' to avoid re-running this script phase.\necho \"SUCCESS\" > \"${SCRIPT_OUTPUT_FILE_0}\"\n";
			showEnvVarsInLog = 0;
		};
/* End PBXShellScriptBuildPhase section */

/* Begin PBXSourcesBuildPhase section */
		76B3E20E20B2FCB300279E80 /* Sources */ = {
			isa = PBXSourcesBuildPhase;
			buildActionMask = 2147483647;
			files = (
				76B3E23E20B2FCDA00279E80 /* RZCarPlateNumberKeyBoardViewModel.m in Sources */,
				76B3E24120B2FCDA00279E80 /* RZCarPlateNumberKeyBoard.m in Sources */,
				76B3E21A20B2FCB300279E80 /* ViewController.m in Sources */,
				76B3E24220B2FCDA00279E80 /* RZCarPlateNumberKeyBoardCell.m in Sources */,
				76B3E24320B2FCDA00279E80 /* RZCarPlateTextField.m in Sources */,
				76B3E23F20B2FCDA00279E80 /* RZCarPlateNumberView.m in Sources */,
				76B3E24020B2FCDA00279E80 /* RZCarPlateNumberKeyBoardValue.m in Sources */,
				76B3E22520B2FCB500279E80 /* main.m in Sources */,
				76B3E21720B2FCB300279E80 /* AppDelegate.m in Sources */,
				76B3E24720B2FD2C00279E80 /* RZTextField.m in Sources */,
			);
			runOnlyForDeploymentPostprocessing = 0;
		};
/* End PBXSourcesBuildPhase section */

/* Begin PBXVariantGroup section */
		76B3E21B20B2FCB300279E80 /* Main.storyboard */ = {
			isa = PBXVariantGroup;
			children = (
				76B3E21C20B2FCB300279E80 /* Base */,
			);
			name = Main.storyboard;
			sourceTree = "<group>";
		};
		76B3E22020B2FCB400279E80 /* LaunchScreen.storyboard */ = {
			isa = PBXVariantGroup;
			children = (
				76B3E22120B2FCB400279E80 /* Base */,
			);
			name = LaunchScreen.storyboard;
			sourceTree = "<group>";
		};
/* End PBXVariantGroup section */

/* Begin XCBuildConfiguration section */
		76B3E22620B2FCB500279E80 /* Debug */ = {
			isa = XCBuildConfiguration;
			buildSettings = {
				ALWAYS_SEARCH_USER_PATHS = NO;
				CLANG_ANALYZER_NONNULL = YES;
				CLANG_ANALYZER_NUMBER_OBJECT_CONVERSION = YES_AGGRESSIVE;
				CLANG_CXX_LANGUAGE_STANDARD = "gnu++14";
				CLANG_CXX_LIBRARY = "libc++";
				CLANG_ENABLE_MODULES = YES;
				CLANG_ENABLE_OBJC_ARC = YES;
				CLANG_ENABLE_OBJC_WEAK = YES;
				CLANG_WARN_BLOCK_CAPTURE_AUTORELEASING = YES;
				CLANG_WARN_BOOL_CONVERSION = YES;
				CLANG_WARN_COMMA = YES;
				CLANG_WARN_CONSTANT_CONVERSION = YES;
				CLANG_WARN_DEPRECATED_OBJC_IMPLEMENTATIONS = YES;
				CLANG_WARN_DIRECT_OBJC_ISA_USAGE = YES_ERROR;
				CLANG_WARN_DOCUMENTATION_COMMENTS = YES;
				CLANG_WARN_EMPTY_BODY = YES;
				CLANG_WARN_ENUM_CONVERSION = YES;
				CLANG_WARN_INFINITE_RECURSION = YES;
				CLANG_WARN_INT_CONVERSION = YES;
				CLANG_WARN_NON_LITERAL_NULL_CONVERSION = YES;
				CLANG_WARN_OBJC_IMPLICIT_RETAIN_SELF = YES;
				CLANG_WARN_OBJC_LITERAL_CONVERSION = YES;
				CLANG_WARN_OBJC_ROOT_CLASS = YES_ERROR;
				CLANG_WARN_RANGE_LOOP_ANALYSIS = YES;
				CLANG_WARN_STRICT_PROTOTYPES = YES;
				CLANG_WARN_SUSPICIOUS_MOVE = YES;
				CLANG_WARN_UNGUARDED_AVAILABILITY = YES_AGGRESSIVE;
				CLANG_WARN_UNREACHABLE_CODE = YES;
				CLANG_WARN__DUPLICATE_METHOD_MATCH = YES;
				CODE_SIGN_IDENTITY = "iPhone Developer";
				COPY_PHASE_STRIP = NO;
				DEBUG_INFORMATION_FORMAT = dwarf;
				ENABLE_STRICT_OBJC_MSGSEND = YES;
				ENABLE_TESTABILITY = YES;
				GCC_C_LANGUAGE_STANDARD = gnu11;
				GCC_DYNAMIC_NO_PIC = NO;
				GCC_NO_COMMON_BLOCKS = YES;
				GCC_OPTIMIZATION_LEVEL = 0;
				GCC_PREPROCESSOR_DEFINITIONS = (
					"DEBUG=1",
					"$(inherited)",
				);
				GCC_WARN_64_TO_32_BIT_CONVERSION = YES;
				GCC_WARN_ABOUT_RETURN_TYPE = YES_ERROR;
				GCC_WARN_UNDECLARED_SELECTOR = YES;
				GCC_WARN_UNINITIALIZED_AUTOS = YES_AGGRESSIVE;
				GCC_WARN_UNUSED_FUNCTION = YES;
				GCC_WARN_UNUSED_VARIABLE = YES;
				IPHONEOS_DEPLOYMENT_TARGET = 11.3;
				MTL_ENABLE_DEBUG_INFO = YES;
				ONLY_ACTIVE_ARCH = YES;
				SDKROOT = iphoneos;
			};
			name = Debug;
		};
		76B3E22720B2FCB500279E80 /* Release */ = {
			isa = XCBuildConfiguration;
			buildSettings = {
				ALWAYS_SEARCH_USER_PATHS = NO;
				CLANG_ANALYZER_NONNULL = YES;
				CLANG_ANALYZER_NUMBER_OBJECT_CONVERSION = YES_AGGRESSIVE;
				CLANG_CXX_LANGUAGE_STANDARD = "gnu++14";
				CLANG_CXX_LIBRARY = "libc++";
				CLANG_ENABLE_MODULES = YES;
				CLANG_ENABLE_OBJC_ARC = YES;
				CLANG_ENABLE_OBJC_WEAK = YES;
				CLANG_WARN_BLOCK_CAPTURE_AUTORELEASING = YES;
				CLANG_WARN_BOOL_CONVERSION = YES;
				CLANG_WARN_COMMA = YES;
				CLANG_WARN_CONSTANT_CONVERSION = YES;
				CLANG_WARN_DEPRECATED_OBJC_IMPLEMENTATIONS = YES;
				CLANG_WARN_DIRECT_OBJC_ISA_USAGE = YES_ERROR;
				CLANG_WARN_DOCUMENTATION_COMMENTS = YES;
				CLANG_WARN_EMPTY_BODY = YES;
				CLANG_WARN_ENUM_CONVERSION = YES;
				CLANG_WARN_INFINITE_RECURSION = YES;
				CLANG_WARN_INT_CONVERSION = YES;
				CLANG_WARN_NON_LITERAL_NULL_CONVERSION = YES;
				CLANG_WARN_OBJC_IMPLICIT_RETAIN_SELF = YES;
				CLANG_WARN_OBJC_LITERAL_CONVERSION = YES;
				CLANG_WARN_OBJC_ROOT_CLASS = YES_ERROR;
				CLANG_WARN_RANGE_LOOP_ANALYSIS = YES;
				CLANG_WARN_STRICT_PROTOTYPES = YES;
				CLANG_WARN_SUSPICIOUS_MOVE = YES;
				CLANG_WARN_UNGUARDED_AVAILABILITY = YES_AGGRESSIVE;
				CLANG_WARN_UNREACHABLE_CODE = YES;
				CLANG_WARN__DUPLICATE_METHOD_MATCH = YES;
				CODE_SIGN_IDENTITY = "iPhone Developer";
				COPY_PHASE_STRIP = NO;
				DEBUG_INFORMATION_FORMAT = "dwarf-with-dsym";
				ENABLE_NS_ASSERTIONS = NO;
				ENABLE_STRICT_OBJC_MSGSEND = YES;
				GCC_C_LANGUAGE_STANDARD = gnu11;
				GCC_NO_COMMON_BLOCKS = YES;
				GCC_WARN_64_TO_32_BIT_CONVERSION = YES;
				GCC_WARN_ABOUT_RETURN_TYPE = YES_ERROR;
				GCC_WARN_UNDECLARED_SELECTOR = YES;
				GCC_WARN_UNINITIALIZED_AUTOS = YES_AGGRESSIVE;
				GCC_WARN_UNUSED_FUNCTION = YES;
				GCC_WARN_UNUSED_VARIABLE = YES;
				IPHONEOS_DEPLOYMENT_TARGET = 11.3;
				MTL_ENABLE_DEBUG_INFO = NO;
				SDKROOT = iphoneos;
				VALIDATE_PRODUCT = YES;
			};
			name = Release;
		};
		76B3E22920B2FCB500279E80 /* Debug */ = {
			isa = XCBuildConfiguration;
			baseConfigurationReference = 339E3B177E40941C7E789096 /* Pods-RZCarPlateNumberKeyboard.debug.xcconfig */;
			buildSettings = {
				ASSETCATALOG_COMPILER_APPICON_NAME = AppIcon;
				CODE_SIGN_STYLE = Automatic;
				INFOPLIST_FILE = RZCarPlateNumberKeyboard/Info.plist;
				LD_RUNPATH_SEARCH_PATHS = (
					"$(inherited)",
					"@executable_path/Frameworks",
				);
				PRODUCT_BUNDLE_IDENTIFIER = com.rztime.RZCarPlateNumberKeyboard;
				PRODUCT_NAME = "$(TARGET_NAME)";
				TARGETED_DEVICE_FAMILY = "1,2";
			};
			name = Debug;
		};
		76B3E22A20B2FCB500279E80 /* Release */ = {
			isa = XCBuildConfiguration;
			baseConfigurationReference = E45F9FE8000EA010A3441B39 /* Pods-RZCarPlateNumberKeyboard.release.xcconfig */;
			buildSettings = {
				ASSETCATALOG_COMPILER_APPICON_NAME = AppIcon;
				CODE_SIGN_STYLE = Automatic;
				INFOPLIST_FILE = RZCarPlateNumberKeyboard/Info.plist;
				LD_RUNPATH_SEARCH_PATHS = (
					"$(inherited)",
					"@executable_path/Frameworks",
				);
				PRODUCT_BUNDLE_IDENTIFIER = com.rztime.RZCarPlateNumberKeyboard;
				PRODUCT_NAME = "$(TARGET_NAME)";
				TARGETED_DEVICE_FAMILY = "1,2";
			};
			name = Release;
		};
/* End XCBuildConfiguration section */

/* Begin XCConfigurationList section */
		76B3E20D20B2FCB300279E80 /* Build configuration list for PBXProject "RZCarPlateNumberKeyboard" */ = {
			isa = XCConfigurationList;
			buildConfigurations = (
				76B3E22620B2FCB500279E80 /* Debug */,
				76B3E22720B2FCB500279E80 /* Release */,
			);
			defaultConfigurationIsVisible = 0;
			defaultConfigurationName = Release;
		};
		76B3E22820B2FCB500279E80 /* Build configuration list for PBXNativeTarget "RZCarPlateNumberKeyboard" */ = {
			isa = XCConfigurationList;
			buildConfigurations = (
				76B3E22920B2FCB500279E80 /* Debug */,
				76B3E22A20B2FCB500279E80 /* Release */,
			);
			defaultConfigurationIsVisible = 0;
			defaultConfigurationName = Release;
		};
/* End XCConfigurationList section */
	};
	rootObject = 76B3E20A20B2FCB300279E80 /* Project object */;
}
